
Microsoft Visual Studio Solution File, Format Version 12.00
# Visual Studio Version 17
VisualStudioVersion = 17.0.32014.148
MinimumVisualStudioVersion = 10.0.40219.1
Project("{FAE04EC0-301F-11D3-BF4B-00C04F79EFBC}") = "PartyInvites", "PartyInvites\PartyInvites.csproj", "{39CAC32D-CC28-43B4-A0F4-0CEE36998259}"
EndProject
Global
	GlobalSection(SolutionConfigurationPlatforms) = preSolution
		Debug|Any CPU = Debug|Any CPU
		Release|Any CPU = Release|Any CPU
	EndGlobalSection
	GlobalSection(ProjectConfigurationPlatforms) = postSolution
		{39CAC32D-CC28-43B4-A0F4-0CEE36998259}.Debug|Any CPU.ActiveCfg = Debug|Any CPU
		{39CAC32D-CC28-43B4-A0F4-0CEE36998259}.Debug|Any CPU.Build.0 = Debug|Any CPU
		{39CAC32D-CC28-43B4-A0F4-0CEE36998259}.Release|Any CPU.ActiveCfg = Release|Any CPU
		{39CAC32D-CC28-43B4-A0F4-0CEE36998259}.Release|Any CPU.Build.0 = Release|Any CPU
	EndGlobalSection
	GlobalSection(SolutionProperties) = preSolution
		HideSolutionNode = FALSE
	EndGlobalSection
	GlobalSection(ExtensibilityGlobals) = postSolution
		SolutionGuid = {8AFD62B2-375E-4E09-B683-273C05F3D9F2}
	EndGlobalSection
EndGlobal
